
Microsoft Visual Studio Solution File, Format Version 12.00
# Visual Studio 15
VisualStudioVersion = 15.0.28307.960
MinimumVisualStudioVersion = 10.0.40219.1
Project("{FAE04EC0-301F-11D3-BF4B-00C04F79EFBC}") = "FormApp_1", "FormApp_1\FormApp_1.csproj", "{B1BA63DC-BF3D-4FF4-B813-41DD1F22F54A}"
EndProject
Global
	GlobalSection(SolutionConfigurationPlatforms) = preSolution
		Debug|Any CPU = Debug|Any CPU
		Release|Any CPU = Release|Any CPU
	EndGlobalSection
	GlobalSection(ProjectConfigurationPlatforms) = postSolution
		{B1BA63DC-BF3D-4FF4-B813-41DD1F22F54A}.Debug|Any CPU.ActiveCfg = Debug|Any CPU
		{B1BA63DC-BF3D-4FF4-B813-41DD1F22F54A}.Debug|Any CPU.Build.0 = Debug|Any CPU
		{B1BA63DC-BF3D-4FF4-B813-41DD1F22F54A}.Release|Any CPU.ActiveCfg = Release|Any CPU
		{B1BA63DC-BF3D-4FF4-B813-41DD1F22F54A}.Release|Any CPU.Build.0 = Release|Any CPU
	EndGlobalSection
	GlobalSection(SolutionProperties) = preSolution
		HideSolutionNode = FALSE
	EndGlobalSection
	GlobalSection(ExtensibilityGlobals) = postSolution
		SolutionGuid = {7AF4C0B4-BC4E-49E8-81F2-C1D635D20DCD}
	EndGlobalSection
EndGlobal
